
Microsoft Visual Studio Solution File, Format Version 12.00
# Visual Studio Version 17
VisualStudioVersion = 17.9.34622.214
MinimumVisualStudioVersion = 10.0.40219.1
Project("{FAE04EC0-301F-11D3-BF4B-00C04F79EFBC}") = "Domain", "Domain\Domain.csproj", "{90BCF653-D28D-457B-BA43-4E5938CE185C}"
EndProject
Project("{9A19103F-16F7-4668-BE54-9A1E7A4F7556}") = "EFData", "EFData\EFData.csproj", "{B0825B60-D721-45F1-A3BF-6474259D278C}"
EndProject
Project("{9A19103F-16F7-4668-BE54-9A1E7A4F7556}") = "Repository", "Repository\Repository.csproj", "{446BA682-A588-4199-97BE-F84ADACEA381}"
EndProject
Project("{9A19103F-16F7-4668-BE54-9A1E7A4F7556}") = "Service", "Service\Service.csproj", "{7208B39A-7F54-4AF6-89F7-F2DCF2EF3556}"
EndProject
Project("{9A19103F-16F7-4668-BE54-9A1E7A4F7556}") = "UI", "UI\UI.csproj", "{9D24AF4B-A79B-4A69-8BF3-11692DE0A174}"
EndProject
Global
	GlobalSection(SolutionConfigurationPlatforms) = preSolution
		Debug|Any CPU = Debug|Any CPU
		Release|Any CPU = Release|Any CPU
	EndGlobalSection
	GlobalSection(ProjectConfigurationPlatforms) = postSolution
		{90BCF653-D28D-457B-BA43-4E5938CE185C}.Debug|Any CPU.ActiveCfg = Debug|Any CPU
		{90BCF653-D28D-457B-BA43-4E5938CE185C}.Debug|Any CPU.Build.0 = Debug|Any CPU
		{90BCF653-D28D-457B-BA43-4E5938CE185C}.Release|Any CPU.ActiveCfg = Release|Any CPU
		{90BCF653-D28D-457B-BA43-4E5938CE185C}.Release|Any CPU.Build.0 = Release|Any CPU
		{B0825B60-D721-45F1-A3BF-6474259D278C}.Debug|Any CPU.ActiveCfg = Debug|Any CPU
		{B0825B60-D721-45F1-A3BF-6474259D278C}.Debug|Any CPU.Build.0 = Debug|Any CPU
		{B0825B60-D721-45F1-A3BF-6474259D278C}.Release|Any CPU.ActiveCfg = Release|Any CPU
		{B0825B60-D721-45F1-A3BF-6474259D278C}.Release|Any CPU.Build.0 = Release|Any CPU
		{446BA682-A588-4199-97BE-F84ADACEA381}.Debug|Any CPU.ActiveCfg = Debug|Any CPU
		{446BA682-A588-4199-97BE-F84ADACEA381}.Debug|Any CPU.Build.0 = Debug|Any CPU
		{446BA682-A588-4199-97BE-F84ADACEA381}.Release|Any CPU.ActiveCfg = Release|Any CPU
		{446BA682-A588-4199-97BE-F84ADACEA381}.Release|Any CPU.Build.0 = Release|Any CPU
		{7208B39A-7F54-4AF6-89F7-F2DCF2EF3556}.Debug|Any CPU.ActiveCfg = Debug|Any CPU
		{7208B39A-7F54-4AF6-89F7-F2DCF2EF3556}.Debug|Any CPU.Build.0 = Debug|Any CPU
		{7208B39A-7F54-4AF6-89F7-F2DCF2EF3556}.Release|Any CPU.ActiveCfg = Release|Any CPU
		{7208B39A-7F54-4AF6-89F7-F2DCF2EF3556}.Release|Any CPU.Build.0 = Release|Any CPU
		{9D24AF4B-A79B-4A69-8BF3-11692DE0A174}.Debug|Any CPU.ActiveCfg = Debug|Any CPU
		{9D24AF4B-A79B-4A69-8BF3-11692DE0A174}.Debug|Any CPU.Build.0 = Debug|Any CPU
		{9D24AF4B-A79B-4A69-8BF3-11692DE0A174}.Release|Any CPU.ActiveCfg = Release|Any CPU
		{9D24AF4B-A79B-4A69-8BF3-11692DE0A174}.Release|Any CPU.Build.0 = Release|Any CPU
	EndGlobalSection
	GlobalSection(SolutionProperties) = preSolution
		HideSolutionNode = FALSE
	EndGlobalSection
	GlobalSection(ExtensibilityGlobals) = postSolution
		SolutionGuid = {98270A7C-81DD-4094-B06C-E31ABA357B09}
	EndGlobalSection
EndGlobal
